// !$*UTF8*$!
{
	archiveVersion = 1;
	classes = {
	};
	objectVersion = 51;
	objects = {

/* Begin PBXBuildFile section */
		21240C1E24B485AD00A24390 /* AppDelegate.swift in Sources */ = {isa = PBXBuildFile; fileRef = 21240C1D24B485AD00A24390 /* AppDelegate.swift */; };
		21240C2024B485AD00A24390 /* SceneDelegate.swift in Sources */ = {isa = PBXBuildFile; fileRef = 21240C1F24B485AD00A24390 /* SceneDelegate.swift */; };
		21240C2224B485AD00A24390 /* ViewController.swift in Sources */ = {isa = PBXBuildFile; fileRef = 21240C2124B485AD00A24390 /* ViewController.swift */; };
		21240C2524B485AD00A24390 /* Main.storyboard in Resources */ = {isa = PBXBuildFile; fileRef = 21240C2324B485AD00A24390 /* Main.storyboard */; };
		21240C2724B485B100A24390 /* Assets.xcassets in Resources */ = {isa = PBXBuildFile; fileRef = 21240C2624B485B100A24390 /* Assets.xcassets */; };
		21240C2A24B485B100A24390 /* LaunchScreen.storyboard in Resources */ = {isa = PBXBuildFile; fileRef = 21240C2824B485B100A24390 /* LaunchScreen.storyboard */; };
		21240C3A24B4A95200A24390 /* SignInViewController.swift in Sources */ = {isa = PBXBuildFile; fileRef = 21240C3924B4A95200A24390 /* SignInViewController.swift */; };
		21240C3C24B4A96700A24390 /* SignUpViewController.swift in Sources */ = {isa = PBXBuildFile; fileRef = 21240C3B24B4A96700A24390 /* SignUpViewController.swift */; };
		21240C4024B4A99000A24390 /* QuastianireViewController1.swift in Sources */ = {isa = PBXBuildFile; fileRef = 21240C3F24B4A99000A24390 /* QuastianireViewController1.swift */; };
		21240C4224B4AE0100A24390 /* HomeViewController.swift in Sources */ = {isa = PBXBuildFile; fileRef = 21240C4124B4AE0100A24390 /* HomeViewController.swift */; };
		21240C4424B4B27800A24390 /* ActivePositionsViewController.swift in Sources */ = {isa = PBXBuildFile; fileRef = 21240C4324B4B27800A24390 /* ActivePositionsViewController.swift */; };
		21240C4624B4B29100A24390 /* MyProfileViewController.swift in Sources */ = {isa = PBXBuildFile; fileRef = 21240C4524B4B29100A24390 /* MyProfileViewController.swift */; };
		21240C4C24B4D85B00A24390 /* GoogleService-Info.plist in Resources */ = {isa = PBXBuildFile; fileRef = 21240C4B24B4D85B00A24390 /* GoogleService-Info.plist */; };
		21240C5024B4DDA700A24390 /* Default-568h@2x.png in Resources */ = {isa = PBXBuildFile; fileRef = 21240C4F24B4DDA700A24390 /* Default-568h@2x.png */; };
		217DB36C24B8F28F00E9751D /* Location.swift in Sources */ = {isa = PBXBuildFile; fileRef = 217DB36B24B8F28F00E9751D /* Location.swift */; };
		21F93B7224B79DFF00BC5F47 /* Const.swift in Sources */ = {isa = PBXBuildFile; fileRef = 21F93B7124B79DFF00BC5F47 /* Const.swift */; };
		B769B125AB95F1C3C71B3B93 /* Pods_LifeSavers.framework in Frameworks */ = {isa = PBXBuildFile; fileRef = 9927C8226602CD0E68DD6ECE /* Pods_LifeSavers.framework */; };
		C017CDA22646B43000325847 /* PopupWindow.swift in Sources */ = {isa = PBXBuildFile; fileRef = C017CDA12646B43000325847 /* PopupWindow.swift */; };
		C0A06FC526511EC90098B6D5 /* Extenstions.swift in Sources */ = {isa = PBXBuildFile; fileRef = C0A06FC426511EC90098B6D5 /* Extenstions.swift */; };
		C0AE8910264D44C700774DA3 /* QuastianireViewController2.swift in Sources */ = {isa = PBXBuildFile; fileRef = C0AE890F264D44C700774DA3 /* QuastianireViewController2.swift */; };
		C0AE8912264D503D00774DA3 /* QusatianireViewController3.swift in Sources */ = {isa = PBXBuildFile; fileRef = C0AE8911264D503D00774DA3 /* QusatianireViewController3.swift */; };
		C0AE8914264D5D8400774DA3 /* QusatianireViewController4.swift in Sources */ = {isa = PBXBuildFile; fileRef = C0AE8913264D5D8400774DA3 /* QusatianireViewController4.swift */; };
		C0B4F4C52652A1170051542E /* CanvasView.swift in Sources */ = {isa = PBXBuildFile; fileRef = C0B4F4C42652A1170051542E /* CanvasView.swift */; };
		C0B4F4C72652AA610051542E /* AddDoantePopup.swift in Sources */ = {isa = PBXBuildFile; fileRef = C0B4F4C62652AA610051542E /* AddDoantePopup.swift */; };
		C0F987582652FDB5008E829C /* DonationHistoryViewController.swift in Sources */ = {isa = PBXBuildFile; fileRef = C0F987572652FDB5008E829C /* DonationHistoryViewController.swift */; };
/* End PBXBuildFile section */

/* Begin PBXFileReference section */
		21240C1A24B485AD00A24390 /* LifeSavers.app */ = {isa = PBXFileReference; explicitFileType = wrapper.application; includeInIndex = 0; path = LifeSavers.app; sourceTree = BUILT_PRODUCTS_DIR; };
		21240C1D24B485AD00A24390 /* AppDelegate.swift */ = {isa = PBXFileReference; lastKnownFileType = sourcecode.swift; path = AppDelegate.swift; sourceTree = "<group>"; };
		21240C1F24B485AD00A24390 /* SceneDelegate.swift */ = {isa = PBXFileReference; lastKnownFileType = sourcecode.swift; path = SceneDelegate.swift; sourceTree = "<group>"; };
		21240C2124B485AD00A24390 /* ViewController.swift */ = {isa = PBXFileReference; lastKnownFileType = sourcecode.swift; path = ViewController.swift; sourceTree = "<group>"; };
		21240C2424B485AD00A24390 /* Base */ = {isa = PBXFileReference; lastKnownFileType = file.storyboard; name = Base; path = Base.lproj/Main.storyboard; sourceTree = "<group>"; };
		21240C2624B485B100A24390 /* Assets.xcassets */ = {isa = PBXFileReference; lastKnownFileType = folder.assetcatalog; path = Assets.xcassets; sourceTree = "<group>"; };
		21240C2924B485B100A24390 /* Base */ = {isa = PBXFileReference; lastKnownFileType = file.storyboard; name = Base; path = Base.lproj/LaunchScreen.storyboard; sourceTree = "<group>"; };
		21240C3924B4A95200A24390 /* SignInViewController.swift */ = {isa = PBXFileReference; lastKnownFileType = sourcecode.swift; path = SignInViewController.swift; sourceTree = "<group>"; };
		21240C3B24B4A96700A24390 /* SignUpViewController.swift */ = {isa = PBXFileReference; lastKnownFileType = sourcecode.swift; path = SignUpViewController.swift; sourceTree = "<group>"; };
		21240C3F24B4A99000A24390 /* QuastianireViewController1.swift */ = {isa = PBXFileReference; lastKnownFileType = sourcecode.swift; path = QuastianireViewController1.swift; sourceTree = "<group>"; };
		21240C4124B4AE0100A24390 /* HomeViewController.swift */ = {isa = PBXFileReference; lastKnownFileType = sourcecode.swift; path = HomeViewController.swift; sourceTree = "<group>"; };
		21240C4324B4B27800A24390 /* ActivePositionsViewController.swift */ = {isa = PBXFileReference; lastKnownFileType = sourcecode.swift; path = ActivePositionsViewController.swift; sourceTree = "<group>"; };
		21240C4524B4B29100A24390 /* MyProfileViewController.swift */ = {isa = PBXFileReference; lastKnownFileType = sourcecode.swift; path = MyProfileViewController.swift; sourceTree = "<group>"; };
		21240C4B24B4D85B00A24390 /* GoogleService-Info.plist */ = {isa = PBXFileReference; fileEncoding = 4; lastKnownFileType = text.plist.xml; name = "GoogleService-Info.plist"; path = "../../GoogleService-Info.plist"; sourceTree = "<group>"; };
		21240C4F24B4DDA700A24390 /* Default-568h@2x.png */ = {isa = PBXFileReference; lastKnownFileType = image.png; path = "Default-568h@2x.png"; sourceTree = "<group>"; };
		217DB36B24B8F28F00E9751D /* Location.swift */ = {isa = PBXFileReference; lastKnownFileType = sourcecode.swift; path = Location.swift; sourceTree = "<group>"; };
		21F93B7124B79DFF00BC5F47 /* Const.swift */ = {isa = PBXFileReference; lastKnownFileType = sourcecode.swift; path = Const.swift; sourceTree = "<group>"; };
		9927C8226602CD0E68DD6ECE /* Pods_LifeSavers.framework */ = {isa = PBXFileReference; explicitFileType = wrapper.framework; includeInIndex = 0; path = Pods_LifeSavers.framework; sourceTree = BUILT_PRODUCTS_DIR; };
		A1502CC200DEC5190A156C6B /* Pods-LifeSavers.release.xcconfig */ = {isa = PBXFileReference; includeInIndex = 1; lastKnownFileType = text.xcconfig; name = "Pods-LifeSavers.release.xcconfig"; path = "Target Support Files/Pods-LifeSavers/Pods-LifeSavers.release.xcconfig"; sourceTree = "<group>"; };
		C017CDA12646B43000325847 /* PopupWindow.swift */ = {isa = PBXFileReference; lastKnownFileType = sourcecode.swift; path = PopupWindow.swift; sourceTree = "<group>"; };
		C089348E26428A3400599A2C /* Info.plist */ = {isa = PBXFileReference; fileEncoding = 4; lastKnownFileType = text.plist.xml; path = Info.plist; sourceTree = "<group>"; };
		C0A06FC426511EC90098B6D5 /* Extenstions.swift */ = {isa = PBXFileReference; lastKnownFileType = sourcecode.swift; path = Extenstions.swift; sourceTree = "<group>"; };
		C0AE890F264D44C700774DA3 /* QuastianireViewController2.swift */ = {isa = PBXFileReference; lastKnownFileType = sourcecode.swift; path = QuastianireViewController2.swift; sourceTree = "<group>"; };
		C0AE8911264D503D00774DA3 /* QusatianireViewController3.swift */ = {isa = PBXFileReference; lastKnownFileType = sourcecode.swift; path = QusatianireViewController3.swift; sourceTree = "<group>"; };
		C0AE8913264D5D8400774DA3 /* QusatianireViewController4.swift */ = {isa = PBXFileReference; lastKnownFileType = sourcecode.swift; path = QusatianireViewController4.swift; sourceTree = "<group>"; };
		C0B4F4C42652A1170051542E /* CanvasView.swift */ = {isa = PBXFileReference; lastKnownFileType = sourcecode.swift; path = CanvasView.swift; sourceTree = "<group>"; };
		C0B4F4C62652AA610051542E /* AddDoantePopup.swift */ = {isa = PBXFileReference; lastKnownFileType = sourcecode.swift; path = AddDoantePopup.swift; sourceTree = "<group>"; };
		C0F987572652FDB5008E829C /* DonationHistoryViewController.swift */ = {isa = PBXFileReference; lastKnownFileType = sourcecode.swift; path = DonationHistoryViewController.swift; sourceTree = "<group>"; };
		E0B02704F88013AE080C938E /* Pods-LifeSavers.debug.xcconfig */ = {isa = PBXFileReference; includeInIndex = 1; lastKnownFileType = text.xcconfig; name = "Pods-LifeSavers.debug.xcconfig"; path = "Target Support Files/Pods-LifeSavers/Pods-LifeSavers.debug.xcconfig"; sourceTree = "<group>"; };
/* End PBXFileReference section */

/* Begin PBXFrameworksBuildPhase section */
		21240C1724B485AD00A24390 /* Frameworks */ = {
			isa = PBXFrameworksBuildPhase;
			buildActionMask = 2147483647;
			files = (
				B769B125AB95F1C3C71B3B93 /* Pods_LifeSavers.framework in Frameworks */,
			);
			runOnlyForDeploymentPostprocessing = 0;
		};
/* End PBXFrameworksBuildPhase section */

/* Begin PBXGroup section */
		21240C1124B485AD00A24390 = {
			isa = PBXGroup;
			children = (
				21240C4F24B4DDA700A24390 /* Default-568h@2x.png */,
				21240C1C24B485AD00A24390 /* LifeSavers */,
				21240C1B24B485AD00A24390 /* Products */,
				6E2C29157C266F7CAA336FD3 /* Pods */,
				CE2AEB83AD3032B340C0EF82 /* Frameworks */,
			);
			sourceTree = "<group>";
		};
		21240C1B24B485AD00A24390 /* Products */ = {
			isa = PBXGroup;
			children = (
				21240C1A24B485AD00A24390 /* LifeSavers.app */,
			);
			name = Products;
			sourceTree = "<group>";
		};
		21240C1C24B485AD00A24390 /* LifeSavers */ = {
			isa = PBXGroup;
			children = (
				21F93B7424B7C8A700BC5F47 /* Helpers */,
				21F93B7324B7C88C00BC5F47 /* View Controllers */,
				21240C1D24B485AD00A24390 /* AppDelegate.swift */,
				21240C1F24B485AD00A24390 /* SceneDelegate.swift */,
				21240C2324B485AD00A24390 /* Main.storyboard */,
				21240C4B24B4D85B00A24390 /* GoogleService-Info.plist */,
				C089348E26428A3400599A2C /* Info.plist */,
				21240C2624B485B100A24390 /* Assets.xcassets */,
				21240C2824B485B100A24390 /* LaunchScreen.storyboard */,
			);
			path = LifeSavers;
			sourceTree = "<group>";
		};
		21F93B7324B7C88C00BC5F47 /* View Controllers */ = {
			isa = PBXGroup;
			children = (
				21240C2124B485AD00A24390 /* ViewController.swift */,
				21240C3924B4A95200A24390 /* SignInViewController.swift */,
				21240C3B24B4A96700A24390 /* SignUpViewController.swift */,
				21240C3F24B4A99000A24390 /* QuastianireViewController1.swift */,
				21240C4124B4AE0100A24390 /* HomeViewController.swift */,
				21240C4324B4B27800A24390 /* ActivePositionsViewController.swift */,
				21240C4524B4B29100A24390 /* MyProfileViewController.swift */,
				C017CDA12646B43000325847 /* PopupWindow.swift */,
				C0AE890F264D44C700774DA3 /* QuastianireViewController2.swift */,
				C0AE8911264D503D00774DA3 /* QusatianireViewController3.swift */,
				C0AE8913264D5D8400774DA3 /* QusatianireViewController4.swift */,
				C0B4F4C62652AA610051542E /* AddDoantePopup.swift */,
				C0F987572652FDB5008E829C /* DonationHistoryViewController.swift */,
			);
			path = "View Controllers";
			sourceTree = "<group>";
		};
		21F93B7424B7C8A700BC5F47 /* Helpers */ = {
			isa = PBXGroup;
			children = (
				21F93B7124B79DFF00BC5F47 /* Const.swift */,
				217DB36B24B8F28F00E9751D /* Location.swift */,
				C0A06FC426511EC90098B6D5 /* Extenstions.swift */,
				C0B4F4C42652A1170051542E /* CanvasView.swift */,
			);
			path = Helpers;
			sourceTree = "<group>";
		};
		6E2C29157C266F7CAA336FD3 /* Pods */ = {
			isa = PBXGroup;
			children = (
				E0B02704F88013AE080C938E /* Pods-LifeSavers.debug.xcconfig */,
				A1502CC200DEC5190A156C6B /* Pods-LifeSavers.release.xcconfig */,
			);
			path = Pods;
			sourceTree = "<group>";
		};
		CE2AEB83AD3032B340C0EF82 /* Frameworks */ = {
			isa = PBXGroup;
			children = (
				9927C8226602CD0E68DD6ECE /* Pods_LifeSavers.framework */,
			);
			name = Frameworks;
			sourceTree = "<group>";
		};
/* End PBXGroup section */

/* Begin PBXNativeTarget section */
		21240C1924B485AD00A24390 /* LifeSavers */ = {
			isa = PBXNativeTarget;
			buildConfigurationList = 21240C2E24B485B100A24390 /* Build configuration list for PBXNativeTarget "LifeSavers" */;
			buildPhases = (
				F16DA876FDD74D7EF146B171 /* [CP] Check Pods Manifest.lock */,
				21240C1624B485AD00A24390 /* Sources */,
				21240C1724B485AD00A24390 /* Frameworks */,
				21240C1824B485AD00A24390 /* Resources */,
				9A1DEAB1D2EA402AED28FAAB /* [CP] Embed Pods Frameworks */,
			);
			buildRules = (
			);
			dependencies = (
			);
			name = LifeSavers;
			productName = LifeSavers;
			productReference = 21240C1A24B485AD00A24390 /* LifeSavers.app */;
			productType = "com.apple.product-type.application";
		};
/* End PBXNativeTarget section */

/* Begin PBXProject section */
		21240C1224B485AD00A24390 /* Project object */ = {
			isa = PBXProject;
			attributes = {
				LastSwiftUpdateCheck = 1150;
				LastUpgradeCheck = 1150;
				ORGANIZATIONNAME = NoyD;
				TargetAttributes = {
					21240C1924B485AD00A24390 = {
						CreatedOnToolsVersion = 11.5;
					};
				};
			};
			buildConfigurationList = 21240C1524B485AD00A24390 /* Build configuration list for PBXProject "LifeSavers" */;
			compatibilityVersion = "Xcode 9.3";
			developmentRegion = en;
			hasScannedForEncodings = 0;
			knownRegions = (
				en,
				Base,
			);
			mainGroup = 21240C1124B485AD00A24390;
			productRefGroup = 21240C1B24B485AD00A24390 /* Products */;
			projectDirPath = "";
			projectRoot = "";
			targets = (
				21240C1924B485AD00A24390 /* LifeSavers */,
			);
		};
/* End PBXProject section */

/* Begin PBXResourcesBuildPhase section */
		21240C1824B485AD00A24390 /* Resources */ = {
			isa = PBXResourcesBuildPhase;
			buildActionMask = 2147483647;
			files = (
				21240C2A24B485B100A24390 /* LaunchScreen.storyboard in Resources */,
				21240C4C24B4D85B00A24390 /* GoogleService-Info.plist in Resources */,
				21240C2724B485B100A24390 /* Assets.xcassets in Resources */,
				21240C2524B485AD00A24390 /* Main.storyboard in Resources */,
				21240C5024B4DDA700A24390 /* Default-568h@2x.png in Resources */,
			);
			runOnlyForDeploymentPostprocessing = 0;
		};
/* End PBXResourcesBuildPhase section */

/* Begin PBXShellScriptBuildPhase section */
		9A1DEAB1D2EA402AED28FAAB /* [CP] Embed Pods Frameworks */ = {
			isa = PBXShellScriptBuildPhase;
			buildActionMask = 2147483647;
			files = (
			);
			inputFileListPaths = (
				"${PODS_ROOT}/Target Support Files/Pods-LifeSavers/Pods-LifeSavers-frameworks-${CONFIGURATION}-input-files.xcfilelist",
			);
			name = "[CP] Embed Pods Frameworks";
			outputFileListPaths = (
				"${PODS_ROOT}/Target Support Files/Pods-LifeSavers/Pods-LifeSavers-frameworks-${CONFIGURATION}-output-files.xcfilelist",
			);
			runOnlyForDeploymentPostprocessing = 0;
			shellPath = /bin/sh;
			shellScript = "\"${PODS_ROOT}/Target Support Files/Pods-LifeSavers/Pods-LifeSavers-frameworks.sh\"\n";
			showEnvVarsInLog = 0;
		};
		F16DA876FDD74D7EF146B171 /* [CP] Check Pods Manifest.lock */ = {
			isa = PBXShellScriptBuildPhase;
			buildActionMask = 2147483647;
			files = (
			);
			inputFileListPaths = (
			);
			inputPaths = (
				"${PODS_PODFILE_DIR_PATH}/Podfile.lock",
				"${PODS_ROOT}/Manifest.lock",
			);
			name = "[CP] Check Pods Manifest.lock";
			outputFileListPaths = (
			);
			outputPaths = (
				"$(DERIVED_FILE_DIR)/Pods-LifeSavers-checkManifestLockResult.txt",
			);
			runOnlyForDeploymentPostprocessing = 0;
			shellPath = /bin/sh;
			shellScript = "diff \"${PODS_PODFILE_DIR_PATH}/Podfile.lock\" \"${PODS_ROOT}/Manifest.lock\" > /dev/null\nif [ $? != 0 ] ; then\n    # print error to STDERR\n    echo \"error: The sandbox is not in sync with the Podfile.lock. Run 'pod install' or update your CocoaPods installation.\" >&2\n    exit 1\nfi\n# This output is used by Xcode 'outputs' to avoid re-running this script phase.\necho \"SUCCESS\" > \"${SCRIPT_OUTPUT_FILE_0}\"\n";
			showEnvVarsInLog = 0;
		};
/* End PBXShellScriptBuildPhase section */

/* Begin PBXSourcesBuildPhase section */
		21240C1624B485AD00A24390 /* Sources */ = {
			isa = PBXSourcesBuildPhase;
			buildActionMask = 2147483647;
			files = (
				C0A06FC526511EC90098B6D5 /* Extenstions.swift in Sources */,
				21240C3A24B4A95200A24390 /* SignInViewController.swift in Sources */,
				21240C4424B4B27800A24390 /* ActivePositionsViewController.swift in Sources */,
				21240C2224B485AD00A24390 /* ViewController.swift in Sources */,
				21240C4624B4B29100A24390 /* MyProfileViewController.swift in Sources */,
				C017CDA22646B43000325847 /* PopupWindow.swift in Sources */,
				21240C4024B4A99000A24390 /* QuastianireViewController1.swift in Sources */,
				21240C1E24B485AD00A24390 /* AppDelegate.swift in Sources */,
				C0F987582652FDB5008E829C /* DonationHistoryViewController.swift in Sources */,
				C0AE8910264D44C700774DA3 /* QuastianireViewController2.swift in Sources */,
				21240C2024B485AD00A24390 /* SceneDelegate.swift in Sources */,
				C0AE8914264D5D8400774DA3 /* QusatianireViewController4.swift in Sources */,
				C0B4F4C72652AA610051542E /* AddDoantePopup.swift in Sources */,
				21240C4224B4AE0100A24390 /* HomeViewController.swift in Sources */,
				21240C3C24B4A96700A24390 /* SignUpViewController.swift in Sources */,
				217DB36C24B8F28F00E9751D /* Location.swift in Sources */,
				C0AE8912264D503D00774DA3 /* QusatianireViewController3.swift in Sources */,
				21F93B7224B79DFF00BC5F47 /* Const.swift in Sources */,
				C0B4F4C52652A1170051542E /* CanvasView.swift in Sources */,
			);
			runOnlyForDeploymentPostprocessing = 0;
		};
/* End PBXSourcesBuildPhase section */

/* Begin PBXVariantGroup section */
		21240C2324B485AD00A24390 /* Main.storyboard */ = {
			isa = PBXVariantGroup;
			children = (
				21240C2424B485AD00A24390 /* Base */,
			);
			name = Main.storyboard;
			sourceTree = "<group>";
		};
		21240C2824B485B100A24390 /* LaunchScreen.storyboard */ = {
			isa = PBXVariantGroup;
			children = (
				21240C2924B485B100A24390 /* Base */,
			);
			name = LaunchScreen.storyboard;
			sourceTree = "<group>";
		};
/* End PBXVariantGroup section */

/* Begin XCBuildConfiguration section */
		21240C2C24B485B100A24390 /* Debug */ = {
			isa = XCBuildConfiguration;
			buildSettings = {
				ALWAYS_SEARCH_USER_PATHS = NO;
				CLANG_ANALYZER_NONNULL = YES;
				CLANG_ANALYZER_NUMBER_OBJECT_CONVERSION = YES_AGGRESSIVE;
				CLANG_CXX_LANGUAGE_STANDARD = "gnu++14";
				CLANG_CXX_LIBRARY = "libc++";
				CLANG_ENABLE_MODULES = YES;
				CLANG_ENABLE_OBJC_ARC = YES;
				CLANG_ENABLE_OBJC_WEAK = YES;
				CLANG_WARN_BLOCK_CAPTURE_AUTORELEASING = YES;
				CLANG_WARN_BOOL_CONVERSION = YES;
				CLANG_WARN_COMMA = YES;
				CLANG_WARN_CONSTANT_CONVERSION = YES;
				CLANG_WARN_DEPRECATED_OBJC_IMPLEMENTATIONS = YES;
				CLANG_WARN_DIRECT_OBJC_ISA_USAGE = YES_ERROR;
				CLANG_WARN_DOCUMENTATION_COMMENTS = YES;
				CLANG_WARN_EMPTY_BODY = YES;
				CLANG_WARN_ENUM_CONVERSION = YES;
				CLANG_WARN_INFINITE_RECURSION = YES;
				CLANG_WARN_INT_CONVERSION = YES;
				CLANG_WARN_NON_LITERAL_NULL_CONVERSION = YES;
				CLANG_WARN_OBJC_IMPLICIT_RETAIN_SELF = YES;
				CLANG_WARN_OBJC_LITERAL_CONVERSION = YES;
				CLANG_WARN_OBJC_ROOT_CLASS = YES_ERROR;
				CLANG_WARN_RANGE_LOOP_ANALYSIS = YES;
				CLANG_WARN_STRICT_PROTOTYPES = YES;
				CLANG_WARN_SUSPICIOUS_MOVE = YES;
				CLANG_WARN_UNGUARDED_AVAILABILITY = YES_AGGRESSIVE;
				CLANG_WARN_UNREACHABLE_CODE = YES;
				CLANG_WARN__DUPLICATE_METHOD_MATCH = YES;
				COPY_PHASE_STRIP = NO;
				DEBUG_INFORMATION_FORMAT = dwarf;
				ENABLE_STRICT_OBJC_MSGSEND = YES;
				ENABLE_TESTABILITY = YES;
				GCC_C_LANGUAGE_STANDARD = gnu11;
				GCC_DYNAMIC_NO_PIC = NO;
				GCC_NO_COMMON_BLOCKS = YES;
				GCC_OPTIMIZATION_LEVEL = 0;
				GCC_PREPROCESSOR_DEFINITIONS = (
					"DEBUG=1",
					"$(inherited)",
				);
				GCC_WARN_64_TO_32_BIT_CONVERSION = YES;
				GCC_WARN_ABOUT_RETURN_TYPE = YES_ERROR;
				GCC_WARN_UNDECLARED_SELECTOR = YES;
				GCC_WARN_UNINITIALIZED_AUTOS = YES_AGGRESSIVE;
				GCC_WARN_UNUSED_FUNCTION = YES;
				GCC_WARN_UNUSED_VARIABLE = YES;
				IPHONEOS_DEPLOYMENT_TARGET = 13.5;
				MTL_ENABLE_DEBUG_INFO = INCLUDE_SOURCE;
				MTL_FAST_MATH = YES;
				ONLY_ACTIVE_ARCH = YES;
				SDKROOT = iphoneos;
				SWIFT_ACTIVE_COMPILATION_CONDITIONS = DEBUG;
				SWIFT_OPTIMIZATION_LEVEL = "-Onone";
			};
			name = Debug;
		};
		21240C2D24B485B100A24390 /* Release */ = {
			isa = XCBuildConfiguration;
			buildSettings = {
				ALWAYS_SEARCH_USER_PATHS = NO;
				CLANG_ANALYZER_NONNULL = YES;
				CLANG_ANALYZER_NUMBER_OBJECT_CONVERSION = YES_AGGRESSIVE;
				CLANG_CXX_LANGUAGE_STANDARD = "gnu++14";
				CLANG_CXX_LIBRARY = "libc++";
				CLANG_ENABLE_MODULES = YES;
				CLANG_ENABLE_OBJC_ARC = YES;
				CLANG_ENABLE_OBJC_WEAK = YES;
				CLANG_WARN_BLOCK_CAPTURE_AUTORELEASING = YES;
				CLANG_WARN_BOOL_CONVERSION = YES;
				CLANG_WARN_COMMA = YES;
				CLANG_WARN_CONSTANT_CONVERSION = YES;
				CLANG_WARN_DEPRECATED_OBJC_IMPLEMENTATIONS = YES;
				CLANG_WARN_DIRECT_OBJC_ISA_USAGE = YES_ERROR;
				CLANG_WARN_DOCUMENTATION_COMMENTS = YES;
				CLANG_WARN_EMPTY_BODY = YES;
				CLANG_WARN_ENUM_CONVERSION = YES;
				CLANG_WARN_INFINITE_RECURSION = YES;
				CLANG_WARN_INT_CONVERSION = YES;
				CLANG_WARN_NON_LITERAL_NULL_CONVERSION = YES;
				CLANG_WARN_OBJC_IMPLICIT_RETAIN_SELF = YES;
				CLANG_WARN_OBJC_LITERAL_CONVERSION = YES;
				CLANG_WARN_OBJC_ROOT_CLASS = YES_ERROR;
				CLANG_WARN_RANGE_LOOP_ANALYSIS = YES;
				CLANG_WARN_STRICT_PROTOTYPES = YES;
				CLANG_WARN_SUSPICIOUS_MOVE = YES;
				CLANG_WARN_UNGUARDED_AVAILABILITY = YES_AGGRESSIVE;
				CLANG_WARN_UNREACHABLE_CODE = YES;
				CLANG_WARN__DUPLICATE_METHOD_MATCH = YES;
				COPY_PHASE_STRIP = NO;
				DEBUG_INFORMATION_FORMAT = "dwarf-with-dsym";
				ENABLE_NS_ASSERTIONS = NO;
				ENABLE_STRICT_OBJC_MSGSEND = YES;
				GCC_C_LANGUAGE_STANDARD = gnu11;
				GCC_NO_COMMON_BLOCKS = YES;
				GCC_WARN_64_TO_32_BIT_CONVERSION = YES;
				GCC_WARN_ABOUT_RETURN_TYPE = YES_ERROR;
				GCC_WARN_UNDECLARED_SELECTOR = YES;
				GCC_WARN_UNINITIALIZED_AUTOS = YES_AGGRESSIVE;
				GCC_WARN_UNUSED_FUNCTION = YES;
				GCC_WARN_UNUSED_VARIABLE = YES;
				IPHONEOS_DEPLOYMENT_TARGET = 13.5;
				MTL_ENABLE_DEBUG_INFO = NO;
				MTL_FAST_MATH = YES;
				SDKROOT = iphoneos;
				SWIFT_COMPILATION_MODE = wholemodule;
				SWIFT_OPTIMIZATION_LEVEL = "-O";
				VALIDATE_PRODUCT = YES;
			};
			name = Release;
		};
		21240C2F24B485B100A24390 /* Debug */ = {
			isa = XCBuildConfiguration;
			baseConfigurationReference = E0B02704F88013AE080C938E /* Pods-LifeSavers.debug.xcconfig */;
			buildSettings = {
				ASSETCATALOG_COMPILER_APPICON_NAME = AppIcon;
				CODE_SIGN_STYLE = Automatic;
				DEVELOPMENT_TEAM = "";
				"EXCLUDED_ARCHS[sdk=*]" = arm64;
				INFOPLIST_FILE = "$(SRCROOT)/../Info.plist";
				"INFOPLIST_FILE[sdk=iphonesimulator*]" = LifeSavers/Info.plist;
				LD_RUNPATH_SEARCH_PATHS = (
					"$(inherited)",
					"@executable_path/Frameworks",
				);
				PRODUCT_BUNDLE_IDENTIFIER = com.NoyD.LifeSavers;
				PRODUCT_NAME = "$(TARGET_NAME)";
				SWIFT_VERSION = 5.0;
				TARGETED_DEVICE_FAMILY = "1,2";
			};
			name = Debug;
		};
		21240C3024B485B100A24390 /* Release */ = {
			isa = XCBuildConfiguration;
			baseConfigurationReference = A1502CC200DEC5190A156C6B /* Pods-LifeSavers.release.xcconfig */;
			buildSettings = {
				ASSETCATALOG_COMPILER_APPICON_NAME = AppIcon;
				CODE_SIGN_STYLE = Automatic;
				DEVELOPMENT_TEAM = "";
				"EXCLUDED_ARCHS[sdk=*]" = arm64;
				INFOPLIST_FILE = "$(SRCROOT)/../Info.plist";
				"INFOPLIST_FILE[sdk=iphonesimulator*]" = LifeSavers/Info.plist;
				LD_RUNPATH_SEARCH_PATHS = (
					"$(inherited)",
					"@executable_path/Frameworks",
				);
				PRODUCT_BUNDLE_IDENTIFIER = com.NoyD.LifeSavers;
				PRODUCT_NAME = "$(TARGET_NAME)";
				SWIFT_VERSION = 5.0;
				TARGETED_DEVICE_FAMILY = "1,2";
			};
			name = Release;
		};
/* End XCBuildConfiguration section */

/* Begin XCConfigurationList section */
		21240C1524B485AD00A24390 /* Build configuration list for PBXProject "LifeSavers" */ = {
			isa = XCConfigurationList;
			buildConfigurations = (
				21240C2C24B485B100A24390 /* Debug */,
				21240C2D24B485B100A24390 /* Release */,
			);
			defaultConfigurationIsVisible = 0;
			defaultConfigurationName = Release;
		};
		21240C2E24B485B100A24390 /* Build configuration list for PBXNativeTarget "LifeSavers" */ = {
			isa = XCConfigurationList;
			buildConfigurations = (
				21240C2F24B485B100A24390 /* Debug */,
				21240C3024B485B100A24390 /* Release */,
			);
			defaultConfigurationIsVisible = 0;
			defaultConfigurationName = Release;
		};
/* End XCConfigurationList section */
	};
	rootObject = 21240C1224B485AD00A24390 /* Project object */;
}
